// !$*UTF8*$!
{
	archiveVersion = 1;
	classes = {
	};
	objectVersion = 56;
	objects = {

/* Begin PBXBuildFile section */
		B86DBD8A29EF03F6002A8DB0 /* TwitterCloneApp.swift in Sources */ = {isa = PBXBuildFile; fileRef = B86DBD8929EF03F6002A8DB0 /* TwitterCloneApp.swift */; };
		B86DBD8C29EF03F6002A8DB0 /* ContentView.swift in Sources */ = {isa = PBXBuildFile; fileRef = B86DBD8B29EF03F6002A8DB0 /* ContentView.swift */; };
		B86DBD8E29EF03FB002A8DB0 /* Assets.xcassets in Resources */ = {isa = PBXBuildFile; fileRef = B86DBD8D29EF03FB002A8DB0 /* Assets.xcassets */; };
		B86DBD9129EF03FB002A8DB0 /* Preview Assets.xcassets in Resources */ = {isa = PBXBuildFile; fileRef = B86DBD9029EF03FB002A8DB0 /* Preview Assets.xcassets */; };
		B86DBDA129EF076A002A8DB0 /* FeedView.swift in Sources */ = {isa = PBXBuildFile; fileRef = B86DBDA029EF076A002A8DB0 /* FeedView.swift */; };
		B86DBDA329EF0A29002A8DB0 /* TweetView.swift in Sources */ = {isa = PBXBuildFile; fileRef = B86DBDA229EF0A29002A8DB0 /* TweetView.swift */; };
		B86DBDA629EF1226002A8DB0 /* TweetActionButtonView.swift in Sources */ = {isa = PBXBuildFile; fileRef = B86DBDA529EF1226002A8DB0 /* TweetActionButtonView.swift */; };
		B86DBDA829EF12CD002A8DB0 /* TweetActionBarView.swift in Sources */ = {isa = PBXBuildFile; fileRef = B86DBDA729EF12CD002A8DB0 /* TweetActionBarView.swift */; };
		B86DBDAC29EF195A002A8DB0 /* UserDetailsView.swift in Sources */ = {isa = PBXBuildFile; fileRef = B86DBDAB29EF195A002A8DB0 /* UserDetailsView.swift */; };
		B86DBDAE29EF199D002A8DB0 /* TweetTextView.swift in Sources */ = {isa = PBXBuildFile; fileRef = B86DBDAD29EF199D002A8DB0 /* TweetTextView.swift */; };
		B86DBDB029EF1A55002A8DB0 /* TweetContentView.swift in Sources */ = {isa = PBXBuildFile; fileRef = B86DBDAF29EF1A55002A8DB0 /* TweetContentView.swift */; };
		B8E6A7CD29EF3531006A9085 /* MainTabView.swift in Sources */ = {isa = PBXBuildFile; fileRef = B8E6A7CC29EF3531006A9085 /* MainTabView.swift */; };
		B8E6A7D329EF3991006A9085 /* SearchView.swift in Sources */ = {isa = PBXBuildFile; fileRef = B8E6A7D229EF3991006A9085 /* SearchView.swift */; };
		B8E6A7D529EF39AE006A9085 /* SpacesView.swift in Sources */ = {isa = PBXBuildFile; fileRef = B8E6A7D429EF39AE006A9085 /* SpacesView.swift */; };
		B8E6A7D729EF39C2006A9085 /* NotificationsView.swift in Sources */ = {isa = PBXBuildFile; fileRef = B8E6A7D629EF39C2006A9085 /* NotificationsView.swift */; };
		B8E6A7D929EF39DB006A9085 /* MessagesView.swift in Sources */ = {isa = PBXBuildFile; fileRef = B8E6A7D829EF39DB006A9085 /* MessagesView.swift */; };
/* End PBXBuildFile section */

/* Begin PBXFileReference section */
		B86DBD8629EF03F6002A8DB0 /* TwitterClone.app */ = {isa = PBXFileReference; explicitFileType = wrapper.application; includeInIndex = 0; path = TwitterClone.app; sourceTree = BUILT_PRODUCTS_DIR; };
		B86DBD8929EF03F6002A8DB0 /* TwitterCloneApp.swift */ = {isa = PBXFileReference; lastKnownFileType = sourcecode.swift; path = TwitterCloneApp.swift; sourceTree = "<group>"; };
		B86DBD8B29EF03F6002A8DB0 /* ContentView.swift */ = {isa = PBXFileReference; lastKnownFileType = sourcecode.swift; path = ContentView.swift; sourceTree = "<group>"; };
		B86DBD8D29EF03FB002A8DB0 /* Assets.xcassets */ = {isa = PBXFileReference; lastKnownFileType = folder.assetcatalog; path = Assets.xcassets; sourceTree = "<group>"; };
		B86DBD9029EF03FB002A8DB0 /* Preview Assets.xcassets */ = {isa = PBXFileReference; lastKnownFileType = folder.assetcatalog; path = "Preview Assets.xcassets"; sourceTree = "<group>"; };
		B86DBDA029EF076A002A8DB0 /* FeedView.swift */ = {isa = PBXFileReference; lastKnownFileType = sourcecode.swift; path = FeedView.swift; sourceTree = "<group>"; };
		B86DBDA229EF0A29002A8DB0 /* TweetView.swift */ = {isa = PBXFileReference; lastKnownFileType = sourcecode.swift; path = TweetView.swift; sourceTree = "<group>"; };
		B86DBDA529EF1226002A8DB0 /* TweetActionButtonView.swift */ = {isa = PBXFileReference; lastKnownFileType = sourcecode.swift; path = TweetActionButtonView.swift; sourceTree = "<group>"; };
		B86DBDA729EF12CD002A8DB0 /* TweetActionBarView.swift */ = {isa = PBXFileReference; lastKnownFileType = sourcecode.swift; path = TweetActionBarView.swift; sourceTree = "<group>"; };
		B86DBDAB29EF195A002A8DB0 /* UserDetailsView.swift */ = {isa = PBXFileReference; lastKnownFileType = sourcecode.swift; path = UserDetailsView.swift; sourceTree = "<group>"; };
		B86DBDAD29EF199D002A8DB0 /* TweetTextView.swift */ = {isa = PBXFileReference; lastKnownFileType = sourcecode.swift; path = TweetTextView.swift; sourceTree = "<group>"; };
		B86DBDAF29EF1A55002A8DB0 /* TweetContentView.swift */ = {isa = PBXFileReference; lastKnownFileType = sourcecode.swift; path = TweetContentView.swift; sourceTree = "<group>"; };
		B8E6A7CC29EF3531006A9085 /* MainTabView.swift */ = {isa = PBXFileReference; lastKnownFileType = sourcecode.swift; path = MainTabView.swift; sourceTree = "<group>"; };
		B8E6A7D229EF3991006A9085 /* SearchView.swift */ = {isa = PBXFileReference; lastKnownFileType = sourcecode.swift; path = SearchView.swift; sourceTree = "<group>"; };
		B8E6A7D429EF39AE006A9085 /* SpacesView.swift */ = {isa = PBXFileReference; lastKnownFileType = sourcecode.swift; path = SpacesView.swift; sourceTree = "<group>"; };
		B8E6A7D629EF39C2006A9085 /* NotificationsView.swift */ = {isa = PBXFileReference; lastKnownFileType = sourcecode.swift; path = NotificationsView.swift; sourceTree = "<group>"; };
		B8E6A7D829EF39DB006A9085 /* MessagesView.swift */ = {isa = PBXFileReference; lastKnownFileType = sourcecode.swift; path = MessagesView.swift; sourceTree = "<group>"; };
/* End PBXFileReference section */

/* Begin PBXFrameworksBuildPhase section */
		B86DBD8329EF03F6002A8DB0 /* Frameworks */ = {
			isa = PBXFrameworksBuildPhase;
			buildActionMask = 2147483647;
			files = (
			);
			runOnlyForDeploymentPostprocessing = 0;
		};
/* End PBXFrameworksBuildPhase section */

/* Begin PBXGroup section */
		B86DBD7D29EF03F6002A8DB0 = {
			isa = PBXGroup;
			children = (
				B86DBD8829EF03F6002A8DB0 /* TwitterClone */,
				B86DBD8729EF03F6002A8DB0 /* Products */,
			);
			sourceTree = "<group>";
		};
		B86DBD8729EF03F6002A8DB0 /* Products */ = {
			isa = PBXGroup;
			children = (
				B86DBD8629EF03F6002A8DB0 /* TwitterClone.app */,
			);
			name = Products;
			sourceTree = "<group>";
		};
		B86DBD8829EF03F6002A8DB0 /* TwitterClone */ = {
			isa = PBXGroup;
			children = (
				B86DBD9B29EF0432002A8DB0 /* Extensions */,
				B86DBD9A29EF0430002A8DB0 /* Model */,
				B86DBD9929EF042E002A8DB0 /* Service */,
				B86DBD9729EF0420002A8DB0 /* Core */,
				B86DBD8929EF03F6002A8DB0 /* TwitterCloneApp.swift */,
				B86DBD8B29EF03F6002A8DB0 /* ContentView.swift */,
				B86DBD8D29EF03FB002A8DB0 /* Assets.xcassets */,
				B86DBD8F29EF03FB002A8DB0 /* Preview Content */,
			);
			path = TwitterClone;
			sourceTree = "<group>";
		};
		B86DBD8F29EF03FB002A8DB0 /* Preview Content */ = {
			isa = PBXGroup;
			children = (
				B86DBD9029EF03FB002A8DB0 /* Preview Assets.xcassets */,
			);
			path = "Preview Content";
			sourceTree = "<group>";
		};
		B86DBD9729EF0420002A8DB0 /* Core */ = {
			isa = PBXGroup;
			children = (
				B86DBD9C29EF0461002A8DB0 /* Components */,
				B8E6A7CB29EF34E5006A9085 /* MainTab */,
				B86DBD9D29EF0465002A8DB0 /* Feed */,
				B8E6A7CE29EF3822006A9085 /* Search */,
				B8E6A7D129EF389C006A9085 /* Spaces */,
				B8E6A7D029EF383F006A9085 /* Notifications */,
				B8E6A7CF29EF382E006A9085 /* Messages */,
			);
			path = Core;
			sourceTree = "<group>";
		};
		B86DBD9929EF042E002A8DB0 /* Service */ = {
			isa = PBXGroup;
			children = (
			);
			path = Service;
			sourceTree = "<group>";
		};
		B86DBD9A29EF0430002A8DB0 /* Model */ = {
			isa = PBXGroup;
			children = (
			);
			path = Model;
			sourceTree = "<group>";
		};
		B86DBD9B29EF0432002A8DB0 /* Extensions */ = {
			isa = PBXGroup;
			children = (
			);
			path = Extensions;
			sourceTree = "<group>";
		};
		B86DBD9C29EF0461002A8DB0 /* Components */ = {
			isa = PBXGroup;
			children = (
				B86DBDA429EF119B002A8DB0 /* Tweet */,
			);
			path = Components;
			sourceTree = "<group>";
		};
		B86DBD9D29EF0465002A8DB0 /* Feed */ = {
			isa = PBXGroup;
			children = (
				B86DBD9F29EF04BD002A8DB0 /* Views */,
				B86DBD9E29EF04B1002A8DB0 /* ViewModels */,
			);
			path = Feed;
			sourceTree = "<group>";
		};
		B86DBD9E29EF04B1002A8DB0 /* ViewModels */ = {
			isa = PBXGroup;
			children = (
			);
			path = ViewModels;
			sourceTree = "<group>";
		};
		B86DBD9F29EF04BD002A8DB0 /* Views */ = {
			isa = PBXGroup;
			children = (
				B86DBDA029EF076A002A8DB0 /* FeedView.swift */,
			);
			path = Views;
			sourceTree = "<group>";
		};
		B86DBDA429EF119B002A8DB0 /* Tweet */ = {
			isa = PBXGroup;
			children = (
				B86DBDA229EF0A29002A8DB0 /* TweetView.swift */,
				B86DBDAA29EF18DA002A8DB0 /* TweetContent */,
				B86DBDA929EF18C9002A8DB0 /* ActionBar */,
			);
			path = Tweet;
			sourceTree = "<group>";
		};
		B86DBDA929EF18C9002A8DB0 /* ActionBar */ = {
			isa = PBXGroup;
			children = (
				B86DBDA529EF1226002A8DB0 /* TweetActionButtonView.swift */,
				B86DBDA729EF12CD002A8DB0 /* TweetActionBarView.swift */,
			);
			path = ActionBar;
			sourceTree = "<group>";
		};
		B86DBDAA29EF18DA002A8DB0 /* TweetContent */ = {
			isa = PBXGroup;
			children = (
				B86DBDAB29EF195A002A8DB0 /* UserDetailsView.swift */,
				B86DBDAD29EF199D002A8DB0 /* TweetTextView.swift */,
				B86DBDAF29EF1A55002A8DB0 /* TweetContentView.swift */,
			);
			path = TweetContent;
			sourceTree = "<group>";
		};
		B8E6A7CB29EF34E5006A9085 /* MainTab */ = {
			isa = PBXGroup;
			children = (
				B8E6A7CC29EF3531006A9085 /* MainTabView.swift */,
			);
			path = MainTab;
			sourceTree = "<group>";
		};
		B8E6A7CE29EF3822006A9085 /* Search */ = {
			isa = PBXGroup;
			children = (
				B8E6A7D229EF3991006A9085 /* SearchView.swift */,
			);
			path = Search;
			sourceTree = "<group>";
		};
		B8E6A7CF29EF382E006A9085 /* Messages */ = {
			isa = PBXGroup;
			children = (
				B8E6A7D829EF39DB006A9085 /* MessagesView.swift */,
			);
			path = Messages;
			sourceTree = "<group>";
		};
		B8E6A7D029EF383F006A9085 /* Notifications */ = {
			isa = PBXGroup;
			children = (
				B8E6A7D629EF39C2006A9085 /* NotificationsView.swift */,
			);
			path = Notifications;
			sourceTree = "<group>";
		};
		B8E6A7D129EF389C006A9085 /* Spaces */ = {
			isa = PBXGroup;
			children = (
				B8E6A7D429EF39AE006A9085 /* SpacesView.swift */,
			);
			path = Spaces;
			sourceTree = "<group>";
		};
/* End PBXGroup section */

/* Begin PBXNativeTarget section */
		B86DBD8529EF03F6002A8DB0 /* TwitterClone */ = {
			isa = PBXNativeTarget;
			buildConfigurationList = B86DBD9429EF03FB002A8DB0 /* Build configuration list for PBXNativeTarget "TwitterClone" */;
			buildPhases = (
				B86DBD8229EF03F6002A8DB0 /* Sources */,
				B86DBD8329EF03F6002A8DB0 /* Frameworks */,
				B86DBD8429EF03F6002A8DB0 /* Resources */,
			);
			buildRules = (
			);
			dependencies = (
			);
			name = TwitterClone;
			productName = TwitterClone;
			productReference = B86DBD8629EF03F6002A8DB0 /* TwitterClone.app */;
			productType = "com.apple.product-type.application";
		};
/* End PBXNativeTarget section */

/* Begin PBXProject section */
		B86DBD7E29EF03F6002A8DB0 /* Project object */ = {
			isa = PBXProject;
			attributes = {
				BuildIndependentTargetsInParallel = 1;
				LastSwiftUpdateCheck = 1430;
				LastUpgradeCheck = 1430;
				TargetAttributes = {
					B86DBD8529EF03F6002A8DB0 = {
						CreatedOnToolsVersion = 14.3;
					};
				};
			};
			buildConfigurationList = B86DBD8129EF03F6002A8DB0 /* Build configuration list for PBXProject "TwitterClone" */;
			compatibilityVersion = "Xcode 14.0";
			developmentRegion = en;
			hasScannedForEncodings = 0;
			knownRegions = (
				en,
				Base,
			);
			mainGroup = B86DBD7D29EF03F6002A8DB0;
			productRefGroup = B86DBD8729EF03F6002A8DB0 /* Products */;
			projectDirPath = "";
			projectRoot = "";
			targets = (
				B86DBD8529EF03F6002A8DB0 /* TwitterClone */,
			);
		};
/* End PBXProject section */

/* Begin PBXResourcesBuildPhase section */
		B86DBD8429EF03F6002A8DB0 /* Resources */ = {
			isa = PBXResourcesBuildPhase;
			buildActionMask = 2147483647;
			files = (
				B86DBD9129EF03FB002A8DB0 /* Preview Assets.xcassets in Resources */,
				B86DBD8E29EF03FB002A8DB0 /* Assets.xcassets in Resources */,
			);
			runOnlyForDeploymentPostprocessing = 0;
		};
/* End PBXResourcesBuildPhase section */

/* Begin PBXSourcesBuildPhase section */
		B86DBD8229EF03F6002A8DB0 /* Sources */ = {
			isa = PBXSourcesBuildPhase;
			buildActionMask = 2147483647;
			files = (
				B86DBDB029EF1A55002A8DB0 /* TweetContentView.swift in Sources */,
				B86DBDAC29EF195A002A8DB0 /* UserDetailsView.swift in Sources */,
				B86DBDA829EF12CD002A8DB0 /* TweetActionBarView.swift in Sources */,
				B8E6A7CD29EF3531006A9085 /* MainTabView.swift in Sources */,
				B8E6A7D929EF39DB006A9085 /* MessagesView.swift in Sources */,
				B86DBD8C29EF03F6002A8DB0 /* ContentView.swift in Sources */,
				B86DBDA629EF1226002A8DB0 /* TweetActionButtonView.swift in Sources */,
				B86DBDA129EF076A002A8DB0 /* FeedView.swift in Sources */,
				B86DBDA329EF0A29002A8DB0 /* TweetView.swift in Sources */,
				B86DBD8A29EF03F6002A8DB0 /* TwitterCloneApp.swift in Sources */,
				B8E6A7D529EF39AE006A9085 /* SpacesView.swift in Sources */,
				B8E6A7D729EF39C2006A9085 /* NotificationsView.swift in Sources */,
				B86DBDAE29EF199D002A8DB0 /* TweetTextView.swift in Sources */,
				B8E6A7D329EF3991006A9085 /* SearchView.swift in Sources */,
			);
			runOnlyForDeploymentPostprocessing = 0;
		};
/* End PBXSourcesBuildPhase section */

/* Begin XCBuildConfiguration section */
		B86DBD9229EF03FB002A8DB0 /* Debug */ = {
			isa = XCBuildConfiguration;
			buildSettings = {
				ALWAYS_SEARCH_USER_PATHS = NO;
				CLANG_ANALYZER_NONNULL = YES;
				CLANG_ANALYZER_NUMBER_OBJECT_CONVERSION = YES_AGGRESSIVE;
				CLANG_CXX_LANGUAGE_STANDARD = "gnu++20";
				CLANG_ENABLE_MODULES = YES;
				CLANG_ENABLE_OBJC_ARC = YES;
				CLANG_ENABLE_OBJC_WEAK = YES;
				CLANG_WARN_BLOCK_CAPTURE_AUTORELEASING = YES;
				CLANG_WARN_BOOL_CONVERSION = YES;
				CLANG_WARN_COMMA = YES;
				CLANG_WARN_CONSTANT_CONVERSION = YES;
				CLANG_WARN_DEPRECATED_OBJC_IMPLEMENTATIONS = YES;
				CLANG_WARN_DIRECT_OBJC_ISA_USAGE = YES_ERROR;
				CLANG_WARN_DOCUMENTATION_COMMENTS = YES;
				CLANG_WARN_EMPTY_BODY = YES;
				CLANG_WARN_ENUM_CONVERSION = YES;
				CLANG_WARN_INFINITE_RECURSION = YES;
				CLANG_WARN_INT_CONVERSION = YES;
				CLANG_WARN_NON_LITERAL_NULL_CONVERSION = YES;
				CLANG_WARN_OBJC_IMPLICIT_RETAIN_SELF = YES;
				CLANG_WARN_OBJC_LITERAL_CONVERSION = YES;
				CLANG_WARN_OBJC_ROOT_CLASS = YES_ERROR;
				CLANG_WARN_QUOTED_INCLUDE_IN_FRAMEWORK_HEADER = YES;
				CLANG_WARN_RANGE_LOOP_ANALYSIS = YES;
				CLANG_WARN_STRICT_PROTOTYPES = YES;
				CLANG_WARN_SUSPICIOUS_MOVE = YES;
				CLANG_WARN_UNGUARDED_AVAILABILITY = YES_AGGRESSIVE;
				CLANG_WARN_UNREACHABLE_CODE = YES;
				CLANG_WARN__DUPLICATE_METHOD_MATCH = YES;
				COPY_PHASE_STRIP = NO;
				DEBUG_INFORMATION_FORMAT = dwarf;
				ENABLE_STRICT_OBJC_MSGSEND = YES;
				ENABLE_TESTABILITY = YES;
				GCC_C_LANGUAGE_STANDARD = gnu11;
				GCC_DYNAMIC_NO_PIC = NO;
				GCC_NO_COMMON_BLOCKS = YES;
				GCC_OPTIMIZATION_LEVEL = 0;
				GCC_PREPROCESSOR_DEFINITIONS = (
					"DEBUG=1",
					"$(inherited)",
				);
				GCC_WARN_64_TO_32_BIT_CONVERSION = YES;
				GCC_WARN_ABOUT_RETURN_TYPE = YES_ERROR;
				GCC_WARN_UNDECLARED_SELECTOR = YES;
				GCC_WARN_UNINITIALIZED_AUTOS = YES_AGGRESSIVE;
				GCC_WARN_UNUSED_FUNCTION = YES;
				GCC_WARN_UNUSED_VARIABLE = YES;
				IPHONEOS_DEPLOYMENT_TARGET = 16.4;
				MTL_ENABLE_DEBUG_INFO = INCLUDE_SOURCE;
				MTL_FAST_MATH = YES;
				ONLY_ACTIVE_ARCH = YES;
				SDKROOT = iphoneos;
				SWIFT_ACTIVE_COMPILATION_CONDITIONS = DEBUG;
				SWIFT_OPTIMIZATION_LEVEL = "-Onone";
			};
			name = Debug;
		};
		B86DBD9329EF03FB002A8DB0 /* Release */ = {
			isa = XCBuildConfiguration;
			buildSettings = {
				ALWAYS_SEARCH_USER_PATHS = NO;
				CLANG_ANALYZER_NONNULL = YES;
				CLANG_ANALYZER_NUMBER_OBJECT_CONVERSION = YES_AGGRESSIVE;
				CLANG_CXX_LANGUAGE_STANDARD = "gnu++20";
				CLANG_ENABLE_MODULES = YES;
				CLANG_ENABLE_OBJC_ARC = YES;
				CLANG_ENABLE_OBJC_WEAK = YES;
				CLANG_WARN_BLOCK_CAPTURE_AUTORELEASING = YES;
				CLANG_WARN_BOOL_CONVERSION = YES;
				CLANG_WARN_COMMA = YES;
				CLANG_WARN_CONSTANT_CONVERSION = YES;
				CLANG_WARN_DEPRECATED_OBJC_IMPLEMENTATIONS = YES;
				CLANG_WARN_DIRECT_OBJC_ISA_USAGE = YES_ERROR;
				CLANG_WARN_DOCUMENTATION_COMMENTS = YES;
				CLANG_WARN_EMPTY_BODY = YES;
				CLANG_WARN_ENUM_CONVERSION = YES;
				CLANG_WARN_INFINITE_RECURSION = YES;
				CLANG_WARN_INT_CONVERSION = YES;
				CLANG_WARN_NON_LITERAL_NULL_CONVERSION = YES;
				CLANG_WARN_OBJC_IMPLICIT_RETAIN_SELF = YES;
				CLANG_WARN_OBJC_LITERAL_CONVERSION = YES;
				CLANG_WARN_OBJC_ROOT_CLASS = YES_ERROR;
				CLANG_WARN_QUOTED_INCLUDE_IN_FRAMEWORK_HEADER = YES;
				CLANG_WARN_RANGE_LOOP_ANALYSIS = YES;
				CLANG_WARN_STRICT_PROTOTYPES = YES;
				CLANG_WARN_SUSPICIOUS_MOVE = YES;
				CLANG_WARN_UNGUARDED_AVAILABILITY = YES_AGGRESSIVE;
				CLANG_WARN_UNREACHABLE_CODE = YES;
				CLANG_WARN__DUPLICATE_METHOD_MATCH = YES;
				COPY_PHASE_STRIP = NO;
				DEBUG_INFORMATION_FORMAT = "dwarf-with-dsym";
				ENABLE_NS_ASSERTIONS = NO;
				ENABLE_STRICT_OBJC_MSGSEND = YES;
				GCC_C_LANGUAGE_STANDARD = gnu11;
				GCC_NO_COMMON_BLOCKS = YES;
				GCC_WARN_64_TO_32_BIT_CONVERSION = YES;
				GCC_WARN_ABOUT_RETURN_TYPE = YES_ERROR;
				GCC_WARN_UNDECLARED_SELECTOR = YES;
				GCC_WARN_UNINITIALIZED_AUTOS = YES_AGGRESSIVE;
				GCC_WARN_UNUSED_FUNCTION = YES;
				GCC_WARN_UNUSED_VARIABLE = YES;
				IPHONEOS_DEPLOYMENT_TARGET = 16.4;
				MTL_ENABLE_DEBUG_INFO = NO;
				MTL_FAST_MATH = YES;
				SDKROOT = iphoneos;
				SWIFT_COMPILATION_MODE = wholemodule;
				SWIFT_OPTIMIZATION_LEVEL = "-O";
				VALIDATE_PRODUCT = YES;
			};
			name = Release;
		};
		B86DBD9529EF03FB002A8DB0 /* Debug */ = {
			isa = XCBuildConfiguration;
			buildSettings = {
				ASSETCATALOG_COMPILER_APPICON_NAME = AppIcon;
				ASSETCATALOG_COMPILER_GLOBAL_ACCENT_COLOR_NAME = AccentColor;
				CODE_SIGN_STYLE = Automatic;
				CURRENT_PROJECT_VERSION = 1;
				DEVELOPMENT_ASSET_PATHS = "\"TwitterClone/Preview Content\"";
				DEVELOPMENT_TEAM = DMXT8N5LLJ;
				ENABLE_PREVIEWS = YES;
				GENERATE_INFOPLIST_FILE = YES;
				INFOPLIST_KEY_UIApplicationSceneManifest_Generation = YES;
				INFOPLIST_KEY_UIApplicationSupportsIndirectInputEvents = YES;
				INFOPLIST_KEY_UILaunchScreen_Generation = YES;
				INFOPLIST_KEY_UISupportedInterfaceOrientations_iPad = "UIInterfaceOrientationPortrait UIInterfaceOrientationPortraitUpsideDown UIInterfaceOrientationLandscapeLeft UIInterfaceOrientationLandscapeRight";
				INFOPLIST_KEY_UISupportedInterfaceOrientations_iPhone = "UIInterfaceOrientationPortrait UIInterfaceOrientationLandscapeLeft UIInterfaceOrientationLandscapeRight";
				LD_RUNPATH_SEARCH_PATHS = (
					"$(inherited)",
					"@executable_path/Frameworks",
				);
				MARKETING_VERSION = 1.0;
				PRODUCT_BUNDLE_IDENTIFIER = com.swiftapp.TwitterClone;
				PRODUCT_NAME = "$(TARGET_NAME)";
				SWIFT_EMIT_LOC_STRINGS = YES;
				SWIFT_VERSION = 5.0;
				TARGETED_DEVICE_FAMILY = "1,2";
			};
			name = Debug;
		};
		B86DBD9629EF03FB002A8DB0 /* Release */ = {
			isa = XCBuildConfiguration;
			buildSettings = {
				ASSETCATALOG_COMPILER_APPICON_NAME = AppIcon;
				ASSETCATALOG_COMPILER_GLOBAL_ACCENT_COLOR_NAME = AccentColor;
				CODE_SIGN_STYLE = Automatic;
				CURRENT_PROJECT_VERSION = 1;
				DEVELOPMENT_ASSET_PATHS = "\"TwitterClone/Preview Content\"";
				DEVELOPMENT_TEAM = DMXT8N5LLJ;
				ENABLE_PREVIEWS = YES;
				GENERATE_INFOPLIST_FILE = YES;
				INFOPLIST_KEY_UIApplicationSceneManifest_Generation = YES;
				INFOPLIST_KEY_UIApplicationSupportsIndirectInputEvents = YES;
				INFOPLIST_KEY_UILaunchScreen_Generation = YES;
				INFOPLIST_KEY_UISupportedInterfaceOrientations_iPad = "UIInterfaceOrientationPortrait UIInterfaceOrientationPortraitUpsideDown UIInterfaceOrientationLandscapeLeft UIInterfaceOrientationLandscapeRight";
				INFOPLIST_KEY_UISupportedInterfaceOrientations_iPhone = "UIInterfaceOrientationPortrait UIInterfaceOrientationLandscapeLeft UIInterfaceOrientationLandscapeRight";
				LD_RUNPATH_SEARCH_PATHS = (
					"$(inherited)",
					"@executable_path/Frameworks",
				);
				MARKETING_VERSION = 1.0;
				PRODUCT_BUNDLE_IDENTIFIER = com.swiftapp.TwitterClone;
				PRODUCT_NAME = "$(TARGET_NAME)";
				SWIFT_EMIT_LOC_STRINGS = YES;
				SWIFT_VERSION = 5.0;
				TARGETED_DEVICE_FAMILY = "1,2";
			};
			name = Release;
		};
/* End XCBuildConfiguration section */

/* Begin XCConfigurationList section */
		B86DBD8129EF03F6002A8DB0 /* Build configuration list for PBXProject "TwitterClone" */ = {
			isa = XCConfigurationList;
			buildConfigurations = (
				B86DBD9229EF03FB002A8DB0 /* Debug */,
				B86DBD9329EF03FB002A8DB0 /* Release */,
			);
			defaultConfigurationIsVisible = 0;
			defaultConfigurationName = Release;
		};
		B86DBD9429EF03FB002A8DB0 /* Build configuration list for PBXNativeTarget "TwitterClone" */ = {
			isa = XCConfigurationList;
			buildConfigurations = (
				B86DBD9529EF03FB002A8DB0 /* Debug */,
				B86DBD9629EF03FB002A8DB0 /* Release */,
			);
			defaultConfigurationIsVisible = 0;
			defaultConfigurationName = Release;
		};
/* End XCConfigurationList section */
	};
	rootObject = B86DBD7E29EF03F6002A8DB0 /* Project object */;
}
